
Microsoft Visual Studio Solution File, Format Version 12.00
# Visual Studio Version 16
VisualStudioVersion = 16.0.30503.244
MinimumVisualStudioVersion = 10.0.40219.1
Project("{9A19103F-16F7-4668-BE54-9A1E7A4F7556}") = "SubscriberConsoleApp", "SubscriberConsoleApp\SubscriberConsoleApp.csproj", "{1DF282F3-8666-410C-8B9D-516AB79D2594}"
EndProject
Project("{FAE04EC0-301F-11D3-BF4B-00C04F79EFBC}") = "PublisherWebApp", "PublisherWebApp\PublisherWebApp.csproj", "{9F27D3D2-A599-4489-9A7A-EAB2145422F6}"
EndProject
Global
	GlobalSection(SolutionConfigurationPlatforms) = preSolution
		Debug|Any CPU = Debug|Any CPU
		Release|Any CPU = Release|Any CPU
	EndGlobalSection
	GlobalSection(ProjectConfigurationPlatforms) = postSolution
		{1DF282F3-8666-410C-8B9D-516AB79D2594}.Debug|Any CPU.ActiveCfg = Debug|Any CPU
		{1DF282F3-8666-410C-8B9D-516AB79D2594}.Debug|Any CPU.Build.0 = Debug|Any CPU
		{1DF282F3-8666-410C-8B9D-516AB79D2594}.Release|Any CPU.ActiveCfg = Release|Any CPU
		{1DF282F3-8666-410C-8B9D-516AB79D2594}.Release|Any CPU.Build.0 = Release|Any CPU
		{9F27D3D2-A599-4489-9A7A-EAB2145422F6}.Debug|Any CPU.ActiveCfg = Debug|Any CPU
		{9F27D3D2-A599-4489-9A7A-EAB2145422F6}.Debug|Any CPU.Build.0 = Debug|Any CPU
		{9F27D3D2-A599-4489-9A7A-EAB2145422F6}.Release|Any CPU.ActiveCfg = Release|Any CPU
		{9F27D3D2-A599-4489-9A7A-EAB2145422F6}.Release|Any CPU.Build.0 = Release|Any CPU
	EndGlobalSection
	GlobalSection(SolutionProperties) = preSolution
		HideSolutionNode = FALSE
	EndGlobalSection
	GlobalSection(ExtensibilityGlobals) = postSolution
		SolutionGuid = {ED169FA7-6157-46EE-9A06-71197098A1D3}
	EndGlobalSection
EndGlobal
